
Microsoft Visual Studio Solution File, Format Version 12.00
# Visual Studio Version 17
VisualStudioVersion = 17.2.32526.322
MinimumVisualStudioVersion = 10.0.40219.1
Project("{FAE04EC0-301F-11D3-BF4B-00C04F79EFBC}") = "Discood Bot 1st", "Discood Bot 1st.csproj", "{254F0275-7015-4300-BA38-196A61CECD26}"
EndProject
Global
	GlobalSection(SolutionConfigurationPlatforms) = preSolution
		Debug|Any CPU = Debug|Any CPU
		Release|Any CPU = Release|Any CPU
	EndGlobalSection
	GlobalSection(ProjectConfigurationPlatforms) = postSolution
		{254F0275-7015-4300-BA38-196A61CECD26}.Debug|Any CPU.ActiveCfg = Debug|Any CPU
		{254F0275-7015-4300-BA38-196A61CECD26}.Debug|Any CPU.Build.0 = Debug|Any CPU
		{254F0275-7015-4300-BA38-196A61CECD26}.Release|Any CPU.ActiveCfg = Release|Any CPU
		{254F0275-7015-4300-BA38-196A61CECD26}.Release|Any CPU.Build.0 = Release|Any CPU
	EndGlobalSection
	GlobalSection(SolutionProperties) = preSolution
		HideSolutionNode = FALSE
	EndGlobalSection
	GlobalSection(ExtensibilityGlobals) = postSolution
		SolutionGuid = {F52CC1AB-7247-46E8-A714-28A90770D94D}
	EndGlobalSection
EndGlobal
